
Microsoft Visual Studio Solution File, Format Version 12.00
# Visual Studio Version 16
VisualStudioVersion = 16.0.30413.136
MinimumVisualStudioVersion = 10.0.40219.1
Project("{D2ABAB84-BF74-430A-B69E-9DC6D40DDA17}") = "Guia5_complementario", "Guia5_complementario\Guia5_complementario.dwproj", "{40AFFACF-5773-4662-8461-C4D32190067B}"
EndProject
Global
	GlobalSection(SolutionConfigurationPlatforms) = preSolution
		Development|Default = Development|Default
	EndGlobalSection
	GlobalSection(ProjectConfigurationPlatforms) = postSolution
		{40AFFACF-5773-4662-8461-C4D32190067B}.Development|Default.ActiveCfg = Development
		{40AFFACF-5773-4662-8461-C4D32190067B}.Development|Default.Build.0 = Development
		{40AFFACF-5773-4662-8461-C4D32190067B}.Development|Default.Deploy.0 = Development
	EndGlobalSection
	GlobalSection(SolutionProperties) = preSolution
		HideSolutionNode = FALSE
	EndGlobalSection
	GlobalSection(ExtensibilityGlobals) = postSolution
		SolutionGuid = {A4846FD8-583E-4D8B-95BD-3B37C0B70A86}
	EndGlobalSection
EndGlobal
