
Microsoft Visual Studio Solution File, Format Version 12.00
# Visual Studio Version 16
VisualStudioVersion = 16.0.30413.136
MinimumVisualStudioVersion = 10.0.40219.1
Project("{D2ABAB84-BF74-430A-B69E-9DC6D40DDA17}") = "Proyecto2_Cubo_RS181977_RM181976", "Proyecto2_Cubo_RS181977_RM181976\Proyecto2_Cubo_RS181977_RM181976.dwproj", "{DA04E821-0CBB-4747-9D20-EE75081E36B6}"
EndProject
Global
	GlobalSection(SolutionConfigurationPlatforms) = preSolution
		Development|Default = Development|Default
	EndGlobalSection
	GlobalSection(ProjectConfigurationPlatforms) = postSolution
		{DA04E821-0CBB-4747-9D20-EE75081E36B6}.Development|Default.ActiveCfg = Development
		{DA04E821-0CBB-4747-9D20-EE75081E36B6}.Development|Default.Build.0 = Development
		{DA04E821-0CBB-4747-9D20-EE75081E36B6}.Development|Default.Deploy.0 = Development
	EndGlobalSection
	GlobalSection(SolutionProperties) = preSolution
		HideSolutionNode = FALSE
	EndGlobalSection
	GlobalSection(ExtensibilityGlobals) = postSolution
		SolutionGuid = {0F3008CF-A1CC-4484-853E-EFF675EB91A9}
	EndGlobalSection
EndGlobal
